
Microsoft Visual Studio Solution File, Format Version 12.00
# Visual Studio Version 17
VisualStudioVersion = 17.12.35527.113
MinimumVisualStudioVersion = 10.0.40219.1
Project("{FAE04EC0-301F-11D3-BF4B-00C04F79EFBC}") = "Connected.Processes.Model", "src\Connected.Processes.Model\Connected.Processes.Model.csproj", "{48F404EC-04C8-4513-AC73-02C3253735D6}"
EndProject
Project("{FAE04EC0-301F-11D3-BF4B-00C04F79EFBC}") = "Connected.Processes.Extensions", "src\Connected.Processes.Extensions\Connected.Processes.Extensions.csproj", "{FC764098-91BB-4DA1-9DB8-1BA78F4D41AA}"
EndProject
Project("{FAE04EC0-301F-11D3-BF4B-00C04F79EFBC}") = "Connected.Processes.Sdk", "src\Connected.Processes.Sdk\Connected.Processes.Sdk.csproj", "{76DA9A0D-E168-41B2-BDA4-66FD3916E5F2}"
EndProject
Project("{FAE04EC0-301F-11D3-BF4B-00C04F79EFBC}") = "Connected.Processes.States", "src\Connected.Processes.States\Connected.Processes.States.csproj", "{CAA4BC32-14E8-4D89-9441-33F6060DFEE5}"
EndProject
Project("{FAE04EC0-301F-11D3-BF4B-00C04F79EFBC}") = "Connected.Processes.Design", "src\Connected.Processes.Design\Connected.Processes.Design.csproj", "{2982B8C6-2DAD-4CCD-8113-81039AFD65F9}"
EndProject
Project("{2150E333-8FDC-42A3-9474-1A3956D46DE8}") = "Dependencies", "Dependencies", "{02EA681E-C7D8-13C7-8484-4AC65E1B71E8}"
EndProject
Project("{FAE04EC0-301F-11D3-BF4B-00C04F79EFBC}") = "Connected.Sdk", "..\Connected.Core\src\Connected.Sdk\Connected.Sdk.csproj", "{677BCFEC-B55D-E52D-8DB0-0969AB117483}"
EndProject
Global
	GlobalSection(SolutionConfigurationPlatforms) = preSolution
		Debug|Any CPU = Debug|Any CPU
		Release|Any CPU = Release|Any CPU
	EndGlobalSection
	GlobalSection(ProjectConfigurationPlatforms) = postSolution
		{48F404EC-04C8-4513-AC73-02C3253735D6}.Debug|Any CPU.ActiveCfg = Debug|Any CPU
		{48F404EC-04C8-4513-AC73-02C3253735D6}.Debug|Any CPU.Build.0 = Debug|Any CPU
		{48F404EC-04C8-4513-AC73-02C3253735D6}.Release|Any CPU.ActiveCfg = Release|Any CPU
		{48F404EC-04C8-4513-AC73-02C3253735D6}.Release|Any CPU.Build.0 = Release|Any CPU
		{FC764098-91BB-4DA1-9DB8-1BA78F4D41AA}.Debug|Any CPU.ActiveCfg = Debug|Any CPU
		{FC764098-91BB-4DA1-9DB8-1BA78F4D41AA}.Debug|Any CPU.Build.0 = Debug|Any CPU
		{FC764098-91BB-4DA1-9DB8-1BA78F4D41AA}.Release|Any CPU.ActiveCfg = Release|Any CPU
		{FC764098-91BB-4DA1-9DB8-1BA78F4D41AA}.Release|Any CPU.Build.0 = Release|Any CPU
		{76DA9A0D-E168-41B2-BDA4-66FD3916E5F2}.Debug|Any CPU.ActiveCfg = Debug|Any CPU
		{76DA9A0D-E168-41B2-BDA4-66FD3916E5F2}.Debug|Any CPU.Build.0 = Debug|Any CPU
		{76DA9A0D-E168-41B2-BDA4-66FD3916E5F2}.Release|Any CPU.ActiveCfg = Release|Any CPU
		{76DA9A0D-E168-41B2-BDA4-66FD3916E5F2}.Release|Any CPU.Build.0 = Release|Any CPU
		{CAA4BC32-14E8-4D89-9441-33F6060DFEE5}.Debug|Any CPU.ActiveCfg = Debug|Any CPU
		{CAA4BC32-14E8-4D89-9441-33F6060DFEE5}.Debug|Any CPU.Build.0 = Debug|Any CPU
		{CAA4BC32-14E8-4D89-9441-33F6060DFEE5}.Release|Any CPU.ActiveCfg = Release|Any CPU
		{CAA4BC32-14E8-4D89-9441-33F6060DFEE5}.Release|Any CPU.Build.0 = Release|Any CPU
		{2982B8C6-2DAD-4CCD-8113-81039AFD65F9}.Debug|Any CPU.ActiveCfg = Debug|Any CPU
		{2982B8C6-2DAD-4CCD-8113-81039AFD65F9}.Debug|Any CPU.Build.0 = Debug|Any CPU
		{2982B8C6-2DAD-4CCD-8113-81039AFD65F9}.Release|Any CPU.ActiveCfg = Release|Any CPU
		{2982B8C6-2DAD-4CCD-8113-81039AFD65F9}.Release|Any CPU.Build.0 = Release|Any CPU
		{677BCFEC-B55D-E52D-8DB0-0969AB117483}.Debug|Any CPU.ActiveCfg = Debug|Any CPU
		{677BCFEC-B55D-E52D-8DB0-0969AB117483}.Debug|Any CPU.Build.0 = Debug|Any CPU
		{677BCFEC-B55D-E52D-8DB0-0969AB117483}.Release|Any CPU.ActiveCfg = Release|Any CPU
		{677BCFEC-B55D-E52D-8DB0-0969AB117483}.Release|Any CPU.Build.0 = Release|Any CPU
	EndGlobalSection
	GlobalSection(SolutionProperties) = preSolution
		HideSolutionNode = FALSE
	EndGlobalSection
	GlobalSection(NestedProjects) = preSolution
		{677BCFEC-B55D-E52D-8DB0-0969AB117483} = {02EA681E-C7D8-13C7-8484-4AC65E1B71E8}
	EndGlobalSection
EndGlobal
